schema: '2.0'
stages:
  data_split:
    cmd: python src/data_split.py
    deps:
    - path: data/pool_data
      md5: 14d187e749ee5614e105741c719fa185.dir
      size: 18999874
      nfiles: 183
    - path: src/data_split.py
      md5: e25f97724df2d2dfdfd05e228b788a58
      size: 1011
    params:
      params.yaml:
        base:
          random_seed: 42
        data_split:
          test_pct: 0.15
    outs:
    - path: data/test_data
      md5: 1aaaae3a3a49ba82afb51a608920bd66.dir
      size: 3460069
      nfiles: 34
    - path: data/train_data
      md5: 115c913e6b227e77f9210c2acc101c6a.dir
      size: 15533657
      nfiles: 148
  train:
    cmd: python src/train.py
    deps:
    - path: data/train_data
      md5: 115c913e6b227e77f9210c2acc101c6a.dir
      size: 15533657
      nfiles: 148
    - path: src/train.py
      md5: ccb5f476a805935cbb06150c53d8f293
      size: 2103
    params:
      params.yaml:
        base:
          random_seed: 42
        train:
          valid_pct: 0.1
          arch: resnet18
          img_size: 512
          batch_size: 8
          fine_tune_args:
            epochs: 12
            base_lr: 0.005
    outs:
    - path: models/model.pkl
      md5: 9326cde630b81798a8cf95bbe3e933a4
      size: 293442285
    - path: results/train/metrics.json
      md5: fa4541e6676244a78b07803bb8ad8305
      size: 172
    - path: results/train/plots
      md5: ae28c159a8d3f6d2b74365dfb928019d.dir
      size: 895
      nfiles: 3
  evaluate:
    cmd: python src/evaluate.py
    deps:
    - path: data/test_data
      md5: 1aaaae3a3a49ba82afb51a608920bd66.dir
      size: 3460069
      nfiles: 34
    - path: models/model.pkl
      md5: 9326cde630b81798a8cf95bbe3e933a4
      size: 293442285
    - path: src/evaluate.py
      md5: 44db98cdb6bddf92d44ca3c74783dda1
      size: 3379
    params:
      params.yaml:
        base:
          random_seed: 42
        evaluate:
          n_samples_to_save: 10
    outs:
    - path: results/evaluate/metrics.json
      md5: 18105ccdc4516ad5a6950aeb6056f9c2
      size: 40
    - path: results/evaluate/plots
      md5: f3dbf630687b17891e9e6ba05a77474d.dir
      size: 1349825
      nfiles: 10
